{
    "_meta": {
        "hash": {
            "sha256": "21c8b5999112a46ffc47fc78269347113f2f594661a13b9da7801ba2ab2c28fb"
        },
        "pipfile-spec": 6,
        "requires": {
            "python_full_version": "3.8.2"
        },
        "sources": [
            {
                "name": "pypi",
                "url": "https://pypi.org/simple",
                "verify_ssl": true
            }
        ]
    },
    "default": {
        "numpy": {
            "hashes": [
                "sha256:0cfe07133fd00b27edee5e6385e333e9eeb010607e8a46e1cd673f05f8596595",
                "sha256:11a1f3816ea82eed4178102c56281782690ab5993251fdfd75039aad4d20385f",
                "sha256:2762331de395739c91f1abb88041f94a080cb1143aeec791b3b223976228af3f",
                "sha256:283d9de87c0133ef98f93dfc09fad3fb382f2a15580de75c02b5bb36a5a159a5",
                "sha256:3d22662b4b10112c545c91a0741f2436f8ca979ab3d69d03d19322aa970f9695",
                "sha256:41388e32e40b41dd56eb37fcaa7488b2b47b0adf77c66154d6b89622c110dfe9",
                "sha256:42c16cec1c8cf2728f1d539bd55aaa9d6bb48a7de2f41eb944697293ef65a559",
                "sha256:47ee7a839f5885bc0c63a74aabb91f6f40d7d7b639253768c4199b37aede7982",
                "sha256:5a311ee4d983c487a0ab546708edbdd759393a3dc9cd30305170149fedd23c88",
                "sha256:5dc65644f75a4c2970f21394ad8bea1a844104f0fe01f278631be1c7eae27226",
                "sha256:6ed0d073a9c54ac40c41a9c2d53fcc3d4d4ed607670b9e7b0de1ba13b4cbfe6f",
                "sha256:76ba7c40e80f9dc815c5e896330700fd6e20814e69da9c1267d65a4d051080f1",
                "sha256:818b9be7900e8dc23e013a92779135623476f44a0de58b40c32a15368c01d471",
                "sha256:a024181d7aef0004d76fb3bce2a4c9f2e67a609a9e2a6ff2571d30e9976aa383",
                "sha256:a955e4128ac36797aaffd49ab44ec74a71c11d6938df83b1285492d277db5397",
                "sha256:a97a954a8c2f046d3817c2bce16e3c7e9a9c2afffaf0400f5c16df5172a67c9c",
                "sha256:a97e82c39d9856fe7d4f9b86d8a1e66eff99cf3a8b7ba48202f659703d27c46f",
                "sha256:b55b953a1bdb465f4dc181758570d321db4ac23005f90ffd2b434cc6609a63dd",
                "sha256:bb02929b0d6bfab4c48a79bd805bd7419114606947ec8284476167415171f55b",
                "sha256:bece0a4a49e60e472a6d1f70ac6cdea00f9ab80ff01132f96bd970cdd8a9e5a9",
                "sha256:e41e8951749c4b5c9a2dc5fdbc1a4eec6ab2a140fdae9b460b0f557eed870f4d",
                "sha256:f71d57cc8645f14816ae249407d309be250ad8de93ef61d9709b45a0ddf4050c"
            ],
            "index": "pypi",
            "version": "==1.22.0"
        }
    },
    "develop": {
        "argcomplete": {
            "hashes": [
                "sha256:291f0beca7fd49ce285d2f10e4c1c77e9460cf823eef2de54df0c0fec88b0d81",
                "sha256:2c7dbffd8c045ea534921e63b0be6fe65e88599990d8dc408ac8c542b72a5445"
            ],
            "version": "==1.12.3"
        },
        "black": {
            "hashes": [
                "sha256:380f1b5da05e5a1429225676655dddb96f5ae8c75bdf91e53d798871b902a115",
                "sha256:7de4cfc7eb6b710de325712d40125689101d21d25283eed7e9998722cf10eb91"
            ],
            "index": "pypi",
            "version": "==21.9b0"
        },
        "click": {
            "hashes": [
                "sha256:7682dc8afb30297001674575ea00d1814d808d6a36af415a82bd481d37ba7b8e",
                "sha256:bb4d8133cb15a609f44e8213d9b391b0809795062913b383c62be0ee95b1db48"
            ],
            "markers": "python_version >= '3.7'",
            "version": "==8.1.3"
        },
        "cmake": {
            "hashes": [
                "sha256:05e3248e84150a1292600bc671cb311c4a9bdb0af64d5045c27d4ed3b7813be7",
                "sha256:13798c525cca8cb57598f0f7040a1a81579b9d08188950d9595ef2c2eff10a84",
                "sha256:30fa5ed8a5ad66dcd263adb87f3ce3dc2d0ec0ac3958f5becff577e4b62cd065",
                "sha256:3673a1fab9f249f606ecfd73248fbeea66f3ed9d3c12dfe539b2b6aa63614ef9",
                "sha256:36cf800ff3286980f4717852b7d4dd89aa66568e1d793fa5e3276361f1241ef8",
                "sha256:399f9219ba38ceba4d38f8b1150b9a2b11960bb4ed481a9686b522884d17e9f9",
                "sha256:6e8ae2e7da141e768e29bd9d140c7feed4479ac21251a2550d027cb9f9a349db",
                "sha256:9b00f557b9269d3d79cb5feb76c1a69e8aa5f608c617c08f82c94d6af4178f14",
                "sha256:c2d93cec76e23dae10ef4a91e24ddb544422e6231cf06d2e602976c2e078977e",
                "sha256:c970fb61b81c9fc7ca08329ce2b01235323292b52994bc97956d47967c4499dc",
                "sha256:cb59e6add997e40af53e83288dd74b111732adb455548d52940b1ef1f6f43589",
                "sha256:d7bbf5e3f7bedcb8ab7478c383739098af11170edad204659e6191ff95b960f4",
                "sha256:d84a7903ba73a453c7566f015a072c65b3a26d9acbcbbed0ec8582c6c81c4c84",
                "sha256:dc8c851bdd5c18f2238fcc86778285b14a9f5846d2f7e9c426ed52c636d4071c",
                "sha256:e0db55681ed10b7175f7fd8e8f31ab18bc299bf534cc8fd31917bb2ffd3596ce",
                "sha256:edba9012ee4b4dd25d5a58facd3c70f0a4412838d6e03714036f90ce04acd7ee"
            ],
            "index": "pypi",
            "version": "==3.21.4"
        },
        "cmakelang": {
            "hashes": [
                "sha256:03982e87b00654d024d73ef972d9d9bb0e5726cdb6b8a424a15661fb6278e67f",
                "sha256:764b9467195c7c36453d60a829f30229720d26c7dffd41cb516b99bd9c7daf4e"
            ],
            "index": "pypi",
            "version": "==0.6.13"
        },
        "colorlog": {
            "hashes": [
                "sha256:344f73204009e4c83c5b6beb00b3c45dc70fcdae3c80db919e0a4171d006fde8",
                "sha256:351c51e866c86c3217f08e4b067a7974a678be78f07f85fc2d55b8babde6d94e"
            ],
            "markers": "python_version >= '3.6'",
            "version": "==6.6.0"
        },
        "distlib": {
            "hashes": [
                "sha256:6564fe0a8f51e734df6333d08b8b94d4ea8ee6b99b5ed50613f731fd4089f34b",
                "sha256:e4b58818180336dc9c529bfb9a0b58728ffc09ad92027a3f30b7cd91e3458579"
            ],
            "version": "==0.3.4"
        },
        "filelock": {
            "hashes": [
                "sha256:37def7b658813cda163b56fc564cdc75e86d338246458c4c28ae84cabefa2404",
                "sha256:3a0fd85166ad9dbab54c9aec96737b744106dc5f15c0b09a6744a445299fcf04"
            ],
            "markers": "python_version >= '3.7'",
            "version": "==3.7.1"
        },
        "flake8": {
            "hashes": [
                "sha256:479b1304f72536a55948cb40a32dce8bb0ffe3501e26eaf292c7e60eb5e0428d",
                "sha256:806e034dda44114815e23c16ef92f95c91e4c71100ff52813adf7132a6ad870d"
            ],
            "index": "pypi",
            "version": "==4.0.1"
        },
        "isort": {
            "hashes": [
                "sha256:9c2ea1e62d871267b78307fe511c0838ba0da28698c5732d54e2790bf3ba9899",
                "sha256:e17d6e2b81095c9db0a03a8025a957f334d6ea30b26f9ec70805411e5c7c81f2"
            ],
            "index": "pypi",
            "version": "==5.9.3"
        },
        "mccabe": {
            "hashes": [
                "sha256:ab8a6258860da4b6677da4bd2fe5dc2c659cff31b3ee4f7f5d64e79735b80d42",
                "sha256:dd8d182285a0fe56bace7f45b5e7d1a6ebcbf524e8f3bd87eb0f125271b8831f"
            ],
            "version": "==0.6.1"
        },
        "mypy": {
            "hashes": [
                "sha256:088cd9c7904b4ad80bec811053272986611b84221835e079be5bcad029e79dd9",
                "sha256:0aadfb2d3935988ec3815952e44058a3100499f5be5b28c34ac9d79f002a4a9a",
                "sha256:119bed3832d961f3a880787bf621634ba042cb8dc850a7429f643508eeac97b9",
                "sha256:1a85e280d4d217150ce8cb1a6dddffd14e753a4e0c3cf90baabb32cefa41b59e",
                "sha256:3c4b8ca36877fc75339253721f69603a9c7fdb5d4d5a95a1a1b899d8b86a4de2",
                "sha256:3e382b29f8e0ccf19a2df2b29a167591245df90c0b5a2542249873b5c1d78212",
                "sha256:42c266ced41b65ed40a282c575705325fa7991af370036d3f134518336636f5b",
                "sha256:53fd2eb27a8ee2892614370896956af2ff61254c275aaee4c230ae771cadd885",
                "sha256:704098302473cb31a218f1775a873b376b30b4c18229421e9e9dc8916fd16150",
                "sha256:7df1ead20c81371ccd6091fa3e2878559b5c4d4caadaf1a484cf88d93ca06703",
                "sha256:866c41f28cee548475f146aa4d39a51cf3b6a84246969f3759cb3e9c742fc072",
                "sha256:a155d80ea6cee511a3694b108c4494a39f42de11ee4e61e72bc424c490e46457",
                "sha256:adaeee09bfde366d2c13fe6093a7df5df83c9a2ba98638c7d76b010694db760e",
                "sha256:b6fb13123aeef4a3abbcfd7e71773ff3ff1526a7d3dc538f3929a49b42be03f0",
                "sha256:b94e4b785e304a04ea0828759172a15add27088520dc7e49ceade7834275bedb",
                "sha256:c0df2d30ed496a08de5daed2a9ea807d07c21ae0ab23acf541ab88c24b26ab97",
                "sha256:c6c2602dffb74867498f86e6129fd52a2770c48b7cd3ece77ada4fa38f94eba8",
                "sha256:ceb6e0a6e27fb364fb3853389607cf7eb3a126ad335790fa1e14ed02fba50811",
                "sha256:d9dd839eb0dc1bbe866a288ba3c1afc33a202015d2ad83b31e875b5905a079b6",
                "sha256:e4dab234478e3bd3ce83bac4193b2ecd9cf94e720ddd95ce69840273bf44f6de",
                "sha256:ec4e0cd079db280b6bdabdc807047ff3e199f334050db5cbb91ba3e959a67504",
                "sha256:ecd2c3fe726758037234c93df7e98deb257fd15c24c9180dacf1ef829da5f921",
                "sha256:ef565033fa5a958e62796867b1df10c40263ea9ded87164d67572834e57a174d"
            ],
            "index": "pypi",
            "version": "==0.910"
        },
        "mypy-extensions": {
            "hashes": [
                "sha256:090fedd75945a69ae91ce1303b5824f428daf5a028d2f6ab8a299250a846f15d",
                "sha256:2d82818f5bb3e369420cb3c4060a7970edba416647068eb4c5343488a6c604a8"
            ],
            "version": "==0.4.3"
        },
        "nox": {
            "hashes": [
                "sha256:0a1c735d5e90fa234046b58a5ad61d08bc13ae77ab213da9b58d5cc2d25023ae",
                "sha256:1bb224fb09c26c482932f0e3038ef01c27b4025d559066443a4da1f96daad01a"
            ],
            "index": "pypi",
            "version": "==2021.10.1"
        },
        "packaging": {
            "hashes": [
                "sha256:dd47c42927d89ab911e606518907cc2d3a1f38bbd026385970643f9c5b8ecfeb",
                "sha256:ef103e05f519cdc783ae24ea4e2e0f508a9c99b2d4969652eed6a2e1ea5bd522"
            ],
            "markers": "python_version >= '3.6'",
            "version": "==21.3"
        },
        "pathspec": {
            "hashes": [
                "sha256:7d15c4ddb0b5c802d161efc417ec1a2558ea2653c2e8ad9c19098201dc1c993a",
                "sha256:e564499435a2673d586f6b2130bb5b95f04a3ba06f81b8f895b651a3c76aabb1"
            ],
            "version": "==0.9.0"
        },
        "platformdirs": {
            "hashes": [
                "sha256:027d8e83a2d7de06bbac4e5ef7e023c02b863d7ea5d079477e722bb41ab25788",
                "sha256:58c8abb07dcb441e6ee4b11d8df0ac856038f944ab98b7be6b27b2a3c7feef19"
            ],
            "markers": "python_version >= '3.7'",
            "version": "==2.5.2"
        },
        "py": {
            "hashes": [
                "sha256:51c75c4126074b472f746a24399ad32f6053d1b34b68d2fa41e558e6f4a98719",
                "sha256:607c53218732647dff4acdfcd50cb62615cedf612e72d1724fb1a0cc6405b378"
            ],
            "markers": "python_version >= '2.7' and python_version not in '3.0, 3.1, 3.2, 3.3, 3.4'",
            "version": "==1.11.0"
        },
        "pycodestyle": {
            "hashes": [
                "sha256:720f8b39dde8b293825e7ff02c475f3077124006db4f440dcbc9a20b76548a20",
                "sha256:eddd5847ef438ea1c7870ca7eb78a9d47ce0cdb4851a5523949f2601d0cbbe7f"
            ],
            "markers": "python_version >= '2.7' and python_version not in '3.0, 3.1, 3.2, 3.3, 3.4'",
            "version": "==2.8.0"
        },
        "pyflakes": {
            "hashes": [
                "sha256:05a85c2872edf37a4ed30b0cce2f6093e1d0581f8c19d7393122da7e25b2b24c",
                "sha256:3bb3a3f256f4b7968c9c788781e4ff07dce46bdf12339dcda61053375426ee2e"
            ],
            "markers": "python_version >= '2.7' and python_version not in '3.0, 3.1, 3.2, 3.3'",
            "version": "==2.4.0"
        },
        "pyparsing": {
            "hashes": [
                "sha256:2b020ecf7d21b687f219b71ecad3631f644a47f01403fa1d1036b0c6416d70fb",
                "sha256:5026bae9a10eeaefb61dab2f09052b9f4307d44aee4eda64b309723d8d206bbc"
            ],
            "markers": "python_full_version >= '3.6.8'",
            "version": "==3.0.9"
        },
        "regex": {
            "hashes": [
                "sha256:00d2e907d3c5e4f85197c8d2263a9cc2d34bf234a9c6236ae42a3fb0bc09b759",
                "sha256:0186edcda692c38381db8ac257c2d023fd2e08818d45dc5bee4ed84212045f51",
                "sha256:06c509bd7dcb7966bdb03974457d548e54d8327bad5b0c917e87248edc43e2eb",
                "sha256:0a3f3f45c5902eb4d90266002ccb035531ae9b9278f6d5e8028247c34d192099",
                "sha256:0c1821146b429e6fdbd13ea10f26765e48d5284bc79749468cfbfe3ceb929f0d",
                "sha256:0d93167b7d7731fa9ff9fdc1bae84ec9c7133b01a35f8cc04e926d48da6ce1f7",
                "sha256:0fd8c3635fa03ef79d07c7b3ed693b3f3930ccb52c0c51761c3296a7525b135c",
                "sha256:119091c675e6ad19da8770f89aa1d52f4ad2a2018d631956f3e90c45882df880",
                "sha256:121981ba84309dabefd5e1debd49be6d51624e54b4d44bfc184cd8d555ff1df1",
                "sha256:1244e9b9b4b81c9c34e8a84273ffaeebdc78abc98a5b02dcdd49845eb3c63bd7",
                "sha256:12e1404dfb4e928d3273a10e3468877fe84bdcd3c50b655a2c9613cfc5d9fe63",
                "sha256:13d74951c14708f00700bb29475129ecbc40e01b4029c62ee7bfe9d1f59f31ce",
                "sha256:162a5939a6fdf48658d3565eeff35acdd207e07367bf5caaff3d9ea7cb77d7a9",
                "sha256:1703490c5b850fa9cef1af00c58966756042e6ca22f4fb5bb857345cd535834f",
                "sha256:18e6203cfd81df42a987175aaeed7ba46bcb42130cd81763e2d5edcff0006d5d",
                "sha256:192c2784833aea6fc7b004730bf1b91b8b8c6b998b30271aaf3bd8adfef20a96",
                "sha256:1948d3ceac5b2d55bc93159c1e0679a256a87a54c735be5cef4543a9e692dbb9",
                "sha256:206a327e628bc529d64b21ff79a5e2564f5aec7dc7abcd4b2e8a4b271ec10550",
                "sha256:2e5db20412f0db8798ff72473d16da5f13ec808e975b49188badb2462f529fa9",
                "sha256:2f94b0befc811fe74a972b1739fffbf74c0dc1a91102aca8e324aa4f2c6991bd",
                "sha256:303676797c4c7978726e74eb8255d68f7125a3a29da71ff453448f2117290e9a",
                "sha256:34ae4f35db30caa4caf85c55069fcb7a05966a3a5ba6e9e1dab5477d84fbb08a",
                "sha256:3c6df8be7d1dd35a0d9a200fbc29f888c4452c8882d284f87608046152e049e6",
                "sha256:402fa998c5988d11ed34585eb65740dcebd0fd11844d12eb0a6b4be178eb9c64",
                "sha256:40a28759d345c0bb1f5b0ac74ac04f5d48136019522c95c0ec4b07786f67ce20",
                "sha256:414ae507ba88264444baf771fec43ce0adcd4c5dbb304d3e0716f3f4d4499d2e",
                "sha256:42da079e31ae9818ffa7a35cdd16ab7104e3f7eca9c0958040aede827b2e55c6",
                "sha256:473a7d21932ce7c314953b33c32e63df690181860edcdf14bba1278cdf71b07f",
                "sha256:49fcb45931a693b0e901972c5e077ea2cf30ec39da699645c43cb8b1542c6e14",
                "sha256:4c5913cb9769038bd03e42318955c2f15a688384a6a0b807bcfc8271603d9277",
                "sha256:4cfeb71095c8d8380a5df5a38ff94d27a3f483717e509130a822b4d6400b7991",
                "sha256:4dc74f0171eede67d79a79c06eca0fe5b7b280dbb8c27ad1fae4ced2ad66268f",
                "sha256:5b1cffff2d9f832288fe516021cb81c95c57c0067b13a82f1d2daabdbc2f4270",
                "sha256:601c99ac775b6c89699a48976f3dbb000b47d3ca59362c8abc9582e6d0780d91",
                "sha256:667a06bb8d72b6da3d9cf38dac4ba969688868ed2279a692e993d2c0e1c30aba",
                "sha256:673549a0136c7893f567ed71ab5225ed3701c79b17c0a7faee846c645fc24010",
                "sha256:67bd3bdd27db7a6460384869dd4b9c54267d805b67d70b20495bb5767f8e051c",
                "sha256:727edff0a4eaff3b6d26cbb50216feac9055aba7e6290eec23c061c2fe2fab55",
                "sha256:782627a1cb8fbb1c78d8e841f5b71c2c683086c038f975bebdac7cce7678a96f",
                "sha256:7d462ba84655abeddae4dfc517fe1afefb5430b3b5acb0a954de12a47aea7183",
                "sha256:8ab39aa445d00902c43a1e951871bedc7f18d095a21eccba153d594faac34aea",
                "sha256:8e2075ed4ea2e231e2e98b16cfa5dae87e9a6045a71104525e1efc29aa8faa8e",
                "sha256:9daeccb2764bf4cc280c40c6411ae176bb0876948e536590a052b3d647254c95",
                "sha256:9e4006942334fa954ebd32fa0728718ec870f95f4ba7cda9edc46dd49c294f22",
                "sha256:9f1c8fffd4def0b76c0947b8cb261b266e31041785dc2dc2db7569407a2f54fe",
                "sha256:a00cd58a30a1041c193777cb1bc090200b05ff4b073d5935738afd1023e63069",
                "sha256:a0220a7a16fd4bfc700661f920510defd31ef7830ce992d5cc51777aa8ccd724",
                "sha256:a048f91823862270905cb22ef88038b08aac852ce48e0ecc4b4bf1b895ec37d9",
                "sha256:a3c47c71fde0c5d584402e67546c81af9951540f1f622d821e9c20761556473a",
                "sha256:a6d9ea727fd1233ee746bf44dd37e7d4320b3ed8ff09e73d7638c969b28d280f",
                "sha256:ab0709daedc1099bbd4371ae17eeedd4efc1cf70fcdcfe5de1374a0944b61f80",
                "sha256:ab1cb36b411f16da6e057ef8e6657dd0af36f59a667f07e0b4b617e44e53d7b2",
                "sha256:ae1c5b435d44aa91d48cc710f20c3485e0584a3ad3565d5ae031d61a35f674f4",
                "sha256:b279b9bb401af41130fd2a09427105100bc8c624ed45da1c81c1c0d0aa639734",
                "sha256:b72a4ec79a15f6066d14ae1c472b743af4b4ecee14420e8d6e4a336b49b8f21c",
                "sha256:c2cd93725911c0159d597b90c96151070ef7e0e67604637e2f2abe06c34bf079",
                "sha256:c7c5f914b0eb5242c09f91058b80295525897e873b522575ab235b48db125597",
                "sha256:d07d849c9e2eca80adb85d3567302a47195a603ad7b1f0a07508e253c041f954",
                "sha256:d2672d68cf6c8452b6758fc3cd2d8feac966d511eed79a68182a5297b473af9c",
                "sha256:d35bbcbf70d14f724e7489746cf68efe122796578addd98f91428e144d0ad266",
                "sha256:d40b4447784dbe0896a6d10a178f6724598161f942c56f5a60dc0ef7fe63f7a1",
                "sha256:d561dcb0fb0ab858291837d51330696a45fd3ba6912a332a4ee130e5484b9e47",
                "sha256:d7f5ccfff648093152cadf6d886c7bd922047532f72024c953a79c7553aac2fe",
                "sha256:dce6b2ad817e3eb107f8704782b091b0631dd3adf47f14bdc086165d05b528b0",
                "sha256:e1fdda3ec7e9785065b67941693995cab95b54023a21db9bf39e54cc7b2c3526",
                "sha256:e2a262ec85c595fc8e1f3162cafc654d2219125c00ea3a190c173cea70d2cc7a",
                "sha256:e2fc1e3928c1189c0382c547c17717c6d9f425fffe619ef94270fe4c6c8be0a6",
                "sha256:ea27acd97a752cfefa9907da935e583efecb302e6e9866f37565968c8407ad58",
                "sha256:ee769a438827e443ed428e66d0aa7131c653ecd86ddc5d4644a81ed1d93af0e7",
                "sha256:f32e0d1c7e7b0b9c3cac76f3d278e7ee6b99c95672d2c1c6ea625033431837c0",
                "sha256:f355caec5bbce20421dc26e53787b10e32fd0df68db2b795435217210c08d69c",
                "sha256:f87e9108bb532f8a1fc6bf7e69b930a35c7b0267b8fef0a3ede0bcb4c5aaa531",
                "sha256:f8a2fd2f62a77536e4e3193303bec380df40d99e253b1c8f9b6eafa07eaeff67",
                "sha256:fbdf4fc6adf38fab1091c579ece3fe9f493bd0f1cfc3d2c76d2e52461ca4f8a9"
            ],
            "markers": "python_version >= '3.6'",
            "version": "==2022.7.9"
        },
        "six": {
            "hashes": [
                "sha256:1e61c37477a1626458e36f7b1d82aa5c9b094fa4802892072e49de9c60c4c926",
                "sha256:8abb2f1d86890a2dfb989f9a77cfcfd3e47c2a354b01111771326f8aa26e0254"
            ],
            "markers": "python_version >= '2.7' and python_version not in '3.0, 3.1, 3.2, 3.3'",
            "version": "==1.16.0"
        },
        "toml": {
            "hashes": [
                "sha256:806143ae5bfb6a3c6e736a764057db0e6a0e05e338b5630894a5f779cabb4f9b",
                "sha256:b3bda1d108d5dd99f4a20d24d9c348e91c4db7ab1b749200bded2f839ccbe68f"
            ],
            "markers": "python_version >= '2.6' and python_version not in '3.0, 3.1, 3.2, 3.3'",
            "version": "==0.10.2"
        },
        "tomli": {
            "hashes": [
                "sha256:05b6166bff487dc068d322585c7ea4ef78deed501cc124060e0f238e89a9231f",
                "sha256:e3069e4be3ead9668e21cb9b074cd948f7b3113fd9c8bba083f48247aab8b11c"
            ],
            "markers": "python_version >= '3.6'",
            "version": "==1.2.3"
        },
        "typing-extensions": {
            "hashes": [
                "sha256:25642c956049920a5aa49edcdd6ab1e06d7e5d467fc00e0506c44ac86fbfca02",
                "sha256:e6d2677a32f47fc7eb2795db1dd15c1f34eff616bcaf2cfb5e997f854fa1c4a6"
            ],
            "markers": "python_version >= '3.7'",
            "version": "==4.3.0"
        },
        "virtualenv": {
            "hashes": [
                "sha256:288171134a2ff3bfb1a2f54f119e77cd1b81c29fc1265a2356f3e8d14c7d58c4",
                "sha256:b30aefac647e86af6d82bfc944c556f8f1a9c90427b2fb4e3bfbf338cb82becf"
            ],
            "markers": "python_version >= '2.7' and python_version not in '3.0, 3.1, 3.2, 3.3, 3.4'",
            "version": "==20.15.1"
        }
    }
}
